
Microsoft Visual Studio Solution File, Format Version 12.00
# Visual Studio Version 16
VisualStudioVersion = 16.0.31624.102
MinimumVisualStudioVersion = 10.0.40219.1
Project("{FAE04EC0-301F-11D3-BF4B-00C04F79EFBC}") = "billeteraVirtual", "billeteraVirtual\billeteraVirtual.csproj", "{A7A9933C-B571-4103-AB6B-F7C2DFA01523}"
EndProject
Global
	GlobalSection(SolutionConfigurationPlatforms) = preSolution
		Debug|Any CPU = Debug|Any CPU
		Release|Any CPU = Release|Any CPU
	EndGlobalSection
	GlobalSection(ProjectConfigurationPlatforms) = postSolution
		{A7A9933C-B571-4103-AB6B-F7C2DFA01523}.Debug|Any CPU.ActiveCfg = Debug|Any CPU
		{A7A9933C-B571-4103-AB6B-F7C2DFA01523}.Debug|Any CPU.Build.0 = Debug|Any CPU
		{A7A9933C-B571-4103-AB6B-F7C2DFA01523}.Release|Any CPU.ActiveCfg = Release|Any CPU
		{A7A9933C-B571-4103-AB6B-F7C2DFA01523}.Release|Any CPU.Build.0 = Release|Any CPU
	EndGlobalSection
	GlobalSection(SolutionProperties) = preSolution
		HideSolutionNode = FALSE
	EndGlobalSection
	GlobalSection(ExtensibilityGlobals) = postSolution
		SolutionGuid = {ED118E72-27A1-4A80-9FC1-4FFEC119B869}
	EndGlobalSection
EndGlobal
